<?xml version="1.0" encoding="utf-8"?>
<Project ToolsVersion="4.0" xmlns="http://schemas.microsoft.com/developer/msbuild/2003">
  <ItemGroup>
    <Filter Include="源文件">
      <UniqueIdentifier>{4FC737F1-C7A5-4376-A066-2A32D752A2FF}</UniqueIdentifier>
      <Extensions>cpp;c;cc;cxx;def;odl;idl;hpj;bat;asm;asmx</Extensions>
    </Filter>
    <Filter Include="头文件">
      <UniqueIdentifier>{93995380-89BD-4b04-88EB-625FBE52EBFB}</UniqueIdentifier>
      <Extensions>h;hh;hpp;hxx;hm;inl;inc;xsd</Extensions>
    </Filter>
    <Filter Include="资源文件">
      <UniqueIdentifier>{67DA6AB6-F800-4c08-8B7A-83BB121AAD01}</UniqueIdentifier>
      <Extensions>rc;ico;cur;bmp;dlg;rc2;rct;bin;rgs;gif;jpg;jpeg;jpe;resx;tiff;tif;png;wav;mfcribbon-ms</Extensions>
    </Filter>
  </ItemGroup>
  <ItemGroup>
    <ClInclude Include="inc\camera.hpp">
      <Filter>头文件</Filter>
    </ClInclude>
    <ClInclude Include="inc\camera_tex.hpp">
      <Filter>头文件</Filter>
    </ClInclude>
    <ClInclude Include="inc\config.hpp">
      <Filter>头文件</Filter>
    </ClInclude>
    <ClInclude Include="inc\defisheye.hpp">
      <Filter>头文件</Filter>
    </ClInclude>
    <ClInclude Include="inc\display.h">
      <Filter>头文件</Filter>
    </ClInclude>
    <ClInclude Include="inc\exposure_compensator.hpp">
      <Filter>头文件</Filter>
    </ClInclude>
    <ClInclude Include="inc\FontRenderer.hpp">
      <Filter>头文件</Filter>
    </ClInclude>
    <ClInclude Include="inc\gain.hpp">
      <Filter>头文件</Filter>
    </ClInclude>
    <ClInclude Include="inc\gl_shaders.hpp">
      <Filter>头文件</Filter>
    </ClInclude>
    <ClInclude Include="inc\grid.hpp">
      <Filter>头文件</Filter>
    </ClInclude>
    <ClInclude Include="inc\lines.hpp">
      <Filter>头文件</Filter>
    </ClInclude>
    <ClInclude Include="inc\macros.hpp">
      <Filter>头文件</Filter>
    </ClInclude>
    <ClInclude Include="inc\masks.hpp">
      <Filter>头文件</Filter>
    </ClInclude>
    <ClInclude Include="inc\MRT.hpp">
      <Filter>头文件</Filter>
    </ClInclude>
    <ClInclude Include="inc\settings.hpp">
      <Filter>头文件</Filter>
    </ClInclude>
    <ClInclude Include="inc\shaders.hpp">
      <Filter>头文件</Filter>
    </ClInclude>
    <ClInclude Include="inc\src_contours.hpp">
      <Filter>头文件</Filter>
    </ClInclude>
    <ClInclude Include="inc\src_v4l2.hpp">
      <Filter>头文件</Filter>
    </ClInclude>
    <ClInclude Include="inc\view.hpp">
      <Filter>头文件</Filter>
    </ClInclude>
    <ClInclude Include="src\ModelLoader\Material.hpp">
      <Filter>头文件</Filter>
    </ClInclude>
    <ClInclude Include="src\ModelLoader\ModelLoader.hpp">
      <Filter>头文件</Filter>
    </ClInclude>
    <ClInclude Include="src\ModelLoader\VBO.hpp">
      <Filter>头文件</Filter>
    </ClInclude>
  </ItemGroup>
  <ItemGroup>
    <ClCompile Include="src\camera.cpp">
      <Filter>源文件</Filter>
    </ClCompile>
    <ClCompile Include="src\camera_tex.cpp">
      <Filter>源文件</Filter>
    </ClCompile>
    <ClCompile Include="src\defisheye.cpp">
      <Filter>源文件</Filter>
    </ClCompile>
    <ClCompile Include="src\exposure_compensator.cpp">
      <Filter>源文件</Filter>
    </ClCompile>
    <ClCompile Include="src\FontRenderer.cpp">
      <Filter>源文件</Filter>
    </ClCompile>
    <ClCompile Include="src\gain.cpp">
      <Filter>源文件</Filter>
    </ClCompile>
    <ClCompile Include="src\gl_shaders.cpp">
      <Filter>源文件</Filter>
    </ClCompile>
    <ClCompile Include="src\grid.cpp">
      <Filter>源文件</Filter>
    </ClCompile>
    <ClCompile Include="src\masks.cpp">
      <Filter>源文件</Filter>
    </ClCompile>
    <ClCompile Include="src\MRT.cpp">
      <Filter>源文件</Filter>
    </ClCompile>
    <ClCompile Include="src\settings.cpp">
      <Filter>源文件</Filter>
    </ClCompile>
    <ClCompile Include="src\src_contours.cpp">
      <Filter>源文件</Filter>
    </ClCompile>
    <ClCompile Include="src\src_v4l2.cpp">
      <Filter>源文件</Filter>
    </ClCompile>
    <ClCompile Include="src\view.cpp">
      <Filter>源文件</Filter>
    </ClCompile>
    <ClCompile Include="src\main.cpp">
      <Filter>源文件</Filter>
    </ClCompile>
    <ClCompile Include="src\ModelLoader\Material.cpp">
      <Filter>源文件</Filter>
    </ClCompile>
    <ClCompile Include="src\ModelLoader\ModelLoader.cpp">
      <Filter>源文件</Filter>
    </ClCompile>
    <ClCompile Include="src\ModelLoader\VBO.cpp">
      <Filter>源文件</Filter>
    </ClCompile>
  </ItemGroup>
</Project>